
Microsoft Visual Studio Solution File, Format Version 12.00
# Visual Studio Version 17
VisualStudioVersion = 17.1.32319.34
MinimumVisualStudioVersion = 10.0.40219.1
Project("{9A19103F-16F7-4668-BE54-9A1E7A4F7556}") = "Nabla.TypeScript.Tool.Cli", "src\Cli\Nabla.TypeScript.Tool.Cli.csproj", "{5BB1FCA9-F9EA-425A-A782-3B94BF89E5F7}"
EndProject
Project("{9A19103F-16F7-4668-BE54-9A1E7A4F7556}") = "Nabla.TypeScript.Tool", "src\Core\Nabla.TypeScript.Tool.csproj", "{09B19A9F-D278-4318-9A56-1C62E0A1D1C7}"
EndProject
Project("{9A19103F-16F7-4668-BE54-9A1E7A4F7556}") = "Nabla.TypeScript.Dom", "src\Dom\Nabla.TypeScript.Dom.csproj", "{E5AAB63C-2FC6-4D18-9EBB-C7E833BC26C8}"
EndProject
Project("{9A19103F-16F7-4668-BE54-9A1E7A4F7556}") = "Nabla.TypeScript.Tool.Reflection", "src\Reflection\Nabla.TypeScript.Tool.Reflection.csproj", "{3E980A0A-3823-40B7-8AAA-8DB6FF98CA9B}"
EndProject
Project("{9A19103F-16F7-4668-BE54-9A1E7A4F7556}") = "Nabla.TypeScript.Tool.Annotations", "src\Annotations\Nabla.TypeScript.Tool.Annotations.csproj", "{E1A3CF1C-2390-4B2E-A05E-F2FC1BA3E287}"
EndProject
Project("{2150E333-8FDC-42A3-9474-1A3956D46DE8}") = "Common", "Common", "{50836B26-5662-46AF-9E69-9CFD0AAAD45C}"
	ProjectSection(SolutionItems) = preProject
		src\Common\PackageInfo.props = src\Common\PackageInfo.props
	EndProjectSection
EndProject
Global
	GlobalSection(SolutionConfigurationPlatforms) = preSolution
		Debug|Any CPU = Debug|Any CPU
		Release|Any CPU = Release|Any CPU
	EndGlobalSection
	GlobalSection(ProjectConfigurationPlatforms) = postSolution
		{5BB1FCA9-F9EA-425A-A782-3B94BF89E5F7}.Debug|Any CPU.ActiveCfg = Debug|Any CPU
		{5BB1FCA9-F9EA-425A-A782-3B94BF89E5F7}.Debug|Any CPU.Build.0 = Debug|Any CPU
		{5BB1FCA9-F9EA-425A-A782-3B94BF89E5F7}.Release|Any CPU.ActiveCfg = Release|Any CPU
		{5BB1FCA9-F9EA-425A-A782-3B94BF89E5F7}.Release|Any CPU.Build.0 = Release|Any CPU
		{09B19A9F-D278-4318-9A56-1C62E0A1D1C7}.Debug|Any CPU.ActiveCfg = Debug|Any CPU
		{09B19A9F-D278-4318-9A56-1C62E0A1D1C7}.Debug|Any CPU.Build.0 = Debug|Any CPU
		{09B19A9F-D278-4318-9A56-1C62E0A1D1C7}.Release|Any CPU.ActiveCfg = Release|Any CPU
		{09B19A9F-D278-4318-9A56-1C62E0A1D1C7}.Release|Any CPU.Build.0 = Release|Any CPU
		{E5AAB63C-2FC6-4D18-9EBB-C7E833BC26C8}.Debug|Any CPU.ActiveCfg = Debug|Any CPU
		{E5AAB63C-2FC6-4D18-9EBB-C7E833BC26C8}.Debug|Any CPU.Build.0 = Debug|Any CPU
		{E5AAB63C-2FC6-4D18-9EBB-C7E833BC26C8}.Release|Any CPU.ActiveCfg = Release|Any CPU
		{E5AAB63C-2FC6-4D18-9EBB-C7E833BC26C8}.Release|Any CPU.Build.0 = Release|Any CPU
		{3E980A0A-3823-40B7-8AAA-8DB6FF98CA9B}.Debug|Any CPU.ActiveCfg = Debug|Any CPU
		{3E980A0A-3823-40B7-8AAA-8DB6FF98CA9B}.Debug|Any CPU.Build.0 = Debug|Any CPU
		{3E980A0A-3823-40B7-8AAA-8DB6FF98CA9B}.Release|Any CPU.ActiveCfg = Release|Any CPU
		{3E980A0A-3823-40B7-8AAA-8DB6FF98CA9B}.Release|Any CPU.Build.0 = Release|Any CPU
		{E1A3CF1C-2390-4B2E-A05E-F2FC1BA3E287}.Debug|Any CPU.ActiveCfg = Debug|Any CPU
		{E1A3CF1C-2390-4B2E-A05E-F2FC1BA3E287}.Debug|Any CPU.Build.0 = Debug|Any CPU
		{E1A3CF1C-2390-4B2E-A05E-F2FC1BA3E287}.Release|Any CPU.ActiveCfg = Release|Any CPU
		{E1A3CF1C-2390-4B2E-A05E-F2FC1BA3E287}.Release|Any CPU.Build.0 = Release|Any CPU
	EndGlobalSection
	GlobalSection(SolutionProperties) = preSolution
		HideSolutionNode = FALSE
	EndGlobalSection
	GlobalSection(ExtensibilityGlobals) = postSolution
		SolutionGuid = {28E95B46-FDC0-43DE-B5E8-69C71086681C}
	EndGlobalSection
EndGlobal
